
Microsoft Visual Studio Solution File, Format Version 12.00
# Visual Studio Version 17
VisualStudioVersion = 17.7.34221.43
MinimumVisualStudioVersion = 10.0.40219.1
Project("{8BC9CEB8-8B4A-11D0-8D11-00A0C91BC942}") = "DrawingBoard", "DrawingBoard.vcxproj", "{E57B0C7E-16A4-322A-BC0F-7C69CCB1AF9D}"
EndProject
Global
	GlobalSection(SolutionConfigurationPlatforms) = preSolution
		Debug|x64 = Debug|x64
		Release|x64 = Release|x64
	EndGlobalSection
	GlobalSection(ProjectConfigurationPlatforms) = postSolution
		{E57B0C7E-16A4-322A-BC0F-7C69CCB1AF9D}.Debug|x64.ActiveCfg = Debug|x64
		{E57B0C7E-16A4-322A-BC0F-7C69CCB1AF9D}.Debug|x64.Build.0 = Debug|x64
		{E57B0C7E-16A4-322A-BC0F-7C69CCB1AF9D}.Release|x64.ActiveCfg = Release|x64
		{E57B0C7E-16A4-322A-BC0F-7C69CCB1AF9D}.Release|x64.Build.0 = Release|x64
	EndGlobalSection
	GlobalSection(SolutionProperties) = preSolution
		HideSolutionNode = FALSE
	EndGlobalSection
	GlobalSection(ExtensibilityGlobals) = postSolution
		SolutionGuid = {7E718D25-4B95-488A-9ACD-82ED618F91D2}
	EndGlobalSection
EndGlobal
